// !$*UTF8*$!
{
	archiveVersion = 1;
	classes = {
	};
	objectVersion = 46;
	objects = {

/* Begin PBXBuildFile section */
		C095E5EC1952485F00B9FAA0 /* libWebRTC-LATEST-Universal-Debug.a in Frameworks */ = {isa = PBXBuildFile; fileRef = C095E5EB1952485F00B9FAA0 /* libWebRTC-LATEST-Universal-Debug.a */; };
		C095E5ED1952488200B9FAA0 /* libWebRTC-LATEST-Universal-Debug.a in Frameworks */ = {isa = PBXBuildFile; fileRef = C095E5EB1952485F00B9FAA0 /* libWebRTC-LATEST-Universal-Debug.a */; };
		C0A129371951F48300C523D2 /* Foundation.framework in Frameworks */ = {isa = PBXBuildFile; fileRef = C0A129361951F48300C523D2 /* Foundation.framework */; };
		C0A129FB1952015900C523D2 /* AudioUnit.framework in Frameworks */ = {isa = PBXBuildFile; fileRef = C0A129F91952015900C523D2 /* AudioUnit.framework */; };
		C0A129FC1952015900C523D2 /* AVFoundation.framework in Frameworks */ = {isa = PBXBuildFile; fileRef = C0A129FA1952015900C523D2 /* AVFoundation.framework */; };
		C0A12A04195201E400C523D2 /* CoreGraphics.framework in Frameworks */ = {isa = PBXBuildFile; fileRef = C0A129FD195201E400C523D2 /* CoreGraphics.framework */; };
		C0A12A05195201E400C523D2 /* CoreMedia.framework in Frameworks */ = {isa = PBXBuildFile; fileRef = C0A129FE195201E400C523D2 /* CoreMedia.framework */; };
		C0A12A06195201E400C523D2 /* GLKit.framework in Frameworks */ = {isa = PBXBuildFile; fileRef = C0A129FF195201E400C523D2 /* GLKit.framework */; };
		C0A12A07195201E400C523D2 /* libc.dylib in Frameworks */ = {isa = PBXBuildFile; fileRef = C0A12A00195201E400C523D2 /* libc.dylib */; };
		C0A12A08195201E400C523D2 /* libsqlite3.dylib in Frameworks */ = {isa = PBXBuildFile; fileRef = C0A12A01195201E400C523D2 /* libsqlite3.dylib */; };
		C0A12A09195201E400C523D2 /* libstdc++.6.0.9.dylib in Frameworks */ = {isa = PBXBuildFile; fileRef = C0A12A02195201E400C523D2 /* libstdc++.6.0.9.dylib */; };
		C0A12A0A195201E400C523D2 /* UIKit.framework in Frameworks */ = {isa = PBXBuildFile; fileRef = C0A12A03195201E400C523D2 /* UIKit.framework */; };
		C0A12AB5195202A600C523D2 /* Foundation.framework in Frameworks */ = {isa = PBXBuildFile; fileRef = C0A129361951F48300C523D2 /* Foundation.framework */; };
		C0A12AB6195202A600C523D2 /* CoreGraphics.framework in Frameworks */ = {isa = PBXBuildFile; fileRef = C0A129FD195201E400C523D2 /* CoreGraphics.framework */; };
		C0A12AB7195202A600C523D2 /* UIKit.framework in Frameworks */ = {isa = PBXBuildFile; fileRef = C0A12A03195201E400C523D2 /* UIKit.framework */; };
		C0A12ABD195202A600C523D2 /* InfoPlist.strings in Resources */ = {isa = PBXBuildFile; fileRef = C0A12ABB195202A600C523D2 /* InfoPlist.strings */; };
		C0A12AC5195202A600C523D2 /* Images.xcassets in Resources */ = {isa = PBXBuildFile; fileRef = C0A12AC4195202A600C523D2 /* Images.xcassets */; };
		C0A12BC11952062E00C523D2 /* CoreMedia.framework in Frameworks */ = {isa = PBXBuildFile; fileRef = C0A129FE195201E400C523D2 /* CoreMedia.framework */; };
		C0A12BC21952063100C523D2 /* GLKit.framework in Frameworks */ = {isa = PBXBuildFile; fileRef = C0A129FF195201E400C523D2 /* GLKit.framework */; };
		C0A12BC31952063300C523D2 /* libc.dylib in Frameworks */ = {isa = PBXBuildFile; fileRef = C0A12A00195201E400C523D2 /* libc.dylib */; };
		C0A12BC41952063600C523D2 /* libsqlite3.dylib in Frameworks */ = {isa = PBXBuildFile; fileRef = C0A12A01195201E400C523D2 /* libsqlite3.dylib */; };
		C0A12BC71952064000C523D2 /* AVFoundation.framework in Frameworks */ = {isa = PBXBuildFile; fileRef = C0A129FA1952015900C523D2 /* AVFoundation.framework */; };
		C0C3A6FD1A13FBC80062D421 /* APPRTCAppDelegate.m in Sources */ = {isa = PBXBuildFile; fileRef = C0C3A6F21A13FBC80062D421 /* APPRTCAppDelegate.m */; };
		C0C3A6FE1A13FBC80062D421 /* APPRTCAppDelegate.m in Sources */ = {isa = PBXBuildFile; fileRef = C0C3A6F21A13FBC80062D421 /* APPRTCAppDelegate.m */; };
		C0C3A6FF1A13FBC80062D421 /* APPRTCViewController.m in Sources */ = {isa = PBXBuildFile; fileRef = C0C3A6F51A13FBC80062D421 /* APPRTCViewController.m */; };
		C0C3A7001A13FBC80062D421 /* APPRTCViewController.m in Sources */ = {isa = PBXBuildFile; fileRef = C0C3A6F51A13FBC80062D421 /* APPRTCViewController.m */; };
		C0C3A7011A13FBC80062D421 /* Default.png in Resources */ = {isa = PBXBuildFile; fileRef = C0C3A6F61A13FBC80062D421 /* Default.png */; };
		C0C3A7021A13FBC80062D421 /* APPRTCViewController.xib in Resources */ = {isa = PBXBuildFile; fileRef = C0C3A6F81A13FBC80062D421 /* APPRTCViewController.xib */; };
		C0C3A7031A13FBC80062D421 /* Info.plist in Resources */ = {isa = PBXBuildFile; fileRef = C0C3A6FA1A13FBC80062D421 /* Info.plist */; };
		C0C3A7041A13FBC80062D421 /* main.m in Sources */ = {isa = PBXBuildFile; fileRef = C0C3A6FB1A13FBC80062D421 /* main.m */; };
		C0C3A7051A13FBC80062D421 /* main.m in Sources */ = {isa = PBXBuildFile; fileRef = C0C3A6FB1A13FBC80062D421 /* main.m */; };
		C0C3A7061A13FBC80062D421 /* ResourceRules.plist in Resources */ = {isa = PBXBuildFile; fileRef = C0C3A6FC1A13FBC80062D421 /* ResourceRules.plist */; };
		C0C3A70E1A13FBF30062D421 /* APPRTCAppClient.m in Sources */ = {isa = PBXBuildFile; fileRef = C0C3A7081A13FBF30062D421 /* APPRTCAppClient.m */; };
		C0C3A70F1A13FBF30062D421 /* APPRTCAppClient.m in Sources */ = {isa = PBXBuildFile; fileRef = C0C3A7081A13FBF30062D421 /* APPRTCAppClient.m */; };
		C0C3A7101A13FBF30062D421 /* APPRTCConnectionManager.m in Sources */ = {isa = PBXBuildFile; fileRef = C0C3A70A1A13FBF30062D421 /* APPRTCConnectionManager.m */; };
		C0C3A7111A13FBF30062D421 /* APPRTCConnectionManager.m in Sources */ = {isa = PBXBuildFile; fileRef = C0C3A70A1A13FBF30062D421 /* APPRTCConnectionManager.m */; };
		C0C3A7121A13FBF30062D421 /* channel.html in Resources */ = {isa = PBXBuildFile; fileRef = C0C3A70B1A13FBF30062D421 /* channel.html */; };
		C0C3A7131A13FBF30062D421 /* GAEChannelClient.m in Sources */ = {isa = PBXBuildFile; fileRef = C0C3A70D1A13FBF30062D421 /* GAEChannelClient.m */; };
		C0C3A7141A13FBF30062D421 /* GAEChannelClient.m in Sources */ = {isa = PBXBuildFile; fileRef = C0C3A70D1A13FBF30062D421 /* GAEChannelClient.m */; };
		C0C3A7231A13FD680062D421 /* libstdc++.dylib in Frameworks */ = {isa = PBXBuildFile; fileRef = C0C3A7221A13FD680062D421 /* libstdc++.dylib */; };
/* End PBXBuildFile section */

/* Begin PBXContainerItemProxy section */
		C0A12B071952031800C523D2 /* PBXContainerItemProxy */ = {
			isa = PBXContainerItemProxy;
			containerPortal = C0A1292B1951F48300C523D2 /* Project object */;
			proxyType = 1;
			remoteGlobalIDString = C0A129321951F48300C523D2;
			remoteInfo = WebRTC;
		};
/* End PBXContainerItemProxy section */

/* Begin PBXCopyFilesBuildPhase section */
		C0A129311951F48300C523D2 /* CopyFiles */ = {
			isa = PBXCopyFilesBuildPhase;
			buildActionMask = 2147483647;
			dstPath = "include/$(PRODUCT_NAME)";
			dstSubfolderSpec = 16;
			files = (
			);
			runOnlyForDeploymentPostprocessing = 0;
		};
/* End PBXCopyFilesBuildPhase section */

/* Begin PBXFileReference section */
		C08538F31952400E00C7A2E7 /* clone.sh */ = {isa = PBXFileReference; lastKnownFileType = text.script.sh; path = clone.sh; sourceTree = "<group>"; };
		C08538F4195240BB00C7A2E7 /* pull.sh */ = {isa = PBXFileReference; lastKnownFileType = text.script.sh; path = pull.sh; sourceTree = "<group>"; };
		C08538F5195240F800C7A2E7 /* build_webrtc.sh */ = {isa = PBXFileReference; lastKnownFileType = text.script.sh; path = build_webrtc.sh; sourceTree = "<group>"; };
		C088209A1952345000A12E2E /* dance.sh */ = {isa = PBXFileReference; fileEncoding = 4; lastKnownFileType = text.script.sh; path = dance.sh; sourceTree = "<group>"; };
		C095E5EB1952485F00B9FAA0 /* libWebRTC-LATEST-Universal-Debug.a */ = {isa = PBXFileReference; lastKnownFileType = archive.ar; name = "libWebRTC-LATEST-Universal-Debug.a"; path = "webrtc/libWebRTC-LATEST-Universal-Debug.a"; sourceTree = "<group>"; };
		C0A129331951F48300C523D2 /* libWebRTC.a */ = {isa = PBXFileReference; explicitFileType = archive.ar; includeInIndex = 0; path = libWebRTC.a; sourceTree = BUILT_PRODUCTS_DIR; };
		C0A129361951F48300C523D2 /* Foundation.framework */ = {isa = PBXFileReference; lastKnownFileType = wrapper.framework; name = Foundation.framework; path = System/Library/Frameworks/Foundation.framework; sourceTree = SDKROOT; };
		C0A129441951F48300C523D2 /* XCTest.framework */ = {isa = PBXFileReference; lastKnownFileType = wrapper.framework; name = XCTest.framework; path = Library/Frameworks/XCTest.framework; sourceTree = DEVELOPER_DIR; };
		C0A129F81951FA0100C523D2 /* build.sh */ = {isa = PBXFileReference; fileEncoding = 4; lastKnownFileType = text.script.sh; path = build.sh; sourceTree = "<group>"; };
		C0A129F91952015900C523D2 /* AudioUnit.framework */ = {isa = PBXFileReference; lastKnownFileType = wrapper.framework; name = AudioUnit.framework; path = System/Library/Frameworks/AudioUnit.framework; sourceTree = SDKROOT; };
		C0A129FA1952015900C523D2 /* AVFoundation.framework */ = {isa = PBXFileReference; lastKnownFileType = wrapper.framework; name = AVFoundation.framework; path = System/Library/Frameworks/AVFoundation.framework; sourceTree = SDKROOT; };
		C0A129FD195201E400C523D2 /* CoreGraphics.framework */ = {isa = PBXFileReference; lastKnownFileType = wrapper.framework; name = CoreGraphics.framework; path = System/Library/Frameworks/CoreGraphics.framework; sourceTree = SDKROOT; };
		C0A129FE195201E400C523D2 /* CoreMedia.framework */ = {isa = PBXFileReference; lastKnownFileType = wrapper.framework; name = CoreMedia.framework; path = System/Library/Frameworks/CoreMedia.framework; sourceTree = SDKROOT; };
		C0A129FF195201E400C523D2 /* GLKit.framework */ = {isa = PBXFileReference; lastKnownFileType = wrapper.framework; name = GLKit.framework; path = System/Library/Frameworks/GLKit.framework; sourceTree = SDKROOT; };
		C0A12A00195201E400C523D2 /* libc.dylib */ = {isa = PBXFileReference; lastKnownFileType = "compiled.mach-o.dylib"; name = libc.dylib; path = usr/lib/libc.dylib; sourceTree = SDKROOT; };
		C0A12A01195201E400C523D2 /* libsqlite3.dylib */ = {isa = PBXFileReference; lastKnownFileType = "compiled.mach-o.dylib"; name = libsqlite3.dylib; path = usr/lib/libsqlite3.dylib; sourceTree = SDKROOT; };
		C0A12A02195201E400C523D2 /* libstdc++.6.0.9.dylib */ = {isa = PBXFileReference; lastKnownFileType = "compiled.mach-o.dylib"; name = "libstdc++.6.0.9.dylib"; path = "usr/lib/libstdc++.6.0.9.dylib"; sourceTree = SDKROOT; };
		C0A12A03195201E400C523D2 /* UIKit.framework */ = {isa = PBXFileReference; lastKnownFileType = wrapper.framework; name = UIKit.framework; path = System/Library/Frameworks/UIKit.framework; sourceTree = SDKROOT; };
		C0A12AB4195202A600C523D2 /* AppRTCDemo.app */ = {isa = PBXFileReference; explicitFileType = wrapper.application; includeInIndex = 0; path = AppRTCDemo.app; sourceTree = BUILT_PRODUCTS_DIR; };
		C0A12ABA195202A600C523D2 /* AppRTCDemo-Info.plist */ = {isa = PBXFileReference; lastKnownFileType = text.plist.xml; path = "AppRTCDemo-Info.plist"; sourceTree = "<group>"; };
		C0A12ABC195202A600C523D2 /* en */ = {isa = PBXFileReference; lastKnownFileType = text.plist.strings; name = en; path = en.lproj/InfoPlist.strings; sourceTree = "<group>"; };
		C0A12ABE195202A600C523D2 /* main.m */ = {isa = PBXFileReference; lastKnownFileType = sourcecode.c.objc; path = main.m; sourceTree = "<group>"; };
		C0A12AC0195202A600C523D2 /* AppRTCDemo-Prefix.pch */ = {isa = PBXFileReference; lastKnownFileType = sourcecode.c.h; path = "AppRTCDemo-Prefix.pch"; sourceTree = "<group>"; };
		C0A12AC4195202A600C523D2 /* Images.xcassets */ = {isa = PBXFileReference; lastKnownFileType = folder.assetcatalog; path = Images.xcassets; sourceTree = "<group>"; };
		C0C3A6D71A13FBA20062D421 /* RTCAudioSource.h */ = {isa = PBXFileReference; fileEncoding = 4; lastKnownFileType = sourcecode.c.h; name = RTCAudioSource.h; path = webrtc/src/talk/app/webrtc/objc/public/RTCAudioSource.h; sourceTree = SOURCE_ROOT; };
		C0C3A6D81A13FBA20062D421 /* RTCAudioTrack.h */ = {isa = PBXFileReference; fileEncoding = 4; lastKnownFileType = sourcecode.c.h; name = RTCAudioTrack.h; path = webrtc/src/talk/app/webrtc/objc/public/RTCAudioTrack.h; sourceTree = SOURCE_ROOT; };
		C0C3A6D91A13FBA20062D421 /* RTCDataChannel.h */ = {isa = PBXFileReference; fileEncoding = 4; lastKnownFileType = sourcecode.c.h; name = RTCDataChannel.h; path = webrtc/src/talk/app/webrtc/objc/public/RTCDataChannel.h; sourceTree = SOURCE_ROOT; };
		C0C3A6DA1A13FBA20062D421 /* RTCEAGLVideoView.h */ = {isa = PBXFileReference; fileEncoding = 4; lastKnownFileType = sourcecode.c.h; name = RTCEAGLVideoView.h; path = webrtc/src/talk/app/webrtc/objc/public/RTCEAGLVideoView.h; sourceTree = SOURCE_ROOT; };
		C0C3A6DB1A13FBA20062D421 /* RTCI420Frame.h */ = {isa = PBXFileReference; fileEncoding = 4; lastKnownFileType = sourcecode.c.h; name = RTCI420Frame.h; path = webrtc/src/talk/app/webrtc/objc/public/RTCI420Frame.h; sourceTree = SOURCE_ROOT; };
		C0C3A6DC1A13FBA20062D421 /* RTCICECandidate.h */ = {isa = PBXFileReference; fileEncoding = 4; lastKnownFileType = sourcecode.c.h; name = RTCICECandidate.h; path = webrtc/src/talk/app/webrtc/objc/public/RTCICECandidate.h; sourceTree = SOURCE_ROOT; };
		C0C3A6DD1A13FBA20062D421 /* RTCICEServer.h */ = {isa = PBXFileReference; fileEncoding = 4; lastKnownFileType = sourcecode.c.h; name = RTCICEServer.h; path = webrtc/src/talk/app/webrtc/objc/public/RTCICEServer.h; sourceTree = SOURCE_ROOT; };
		C0C3A6DE1A13FBA20062D421 /* RTCMediaConstraints.h */ = {isa = PBXFileReference; fileEncoding = 4; lastKnownFileType = sourcecode.c.h; name = RTCMediaConstraints.h; path = webrtc/src/talk/app/webrtc/objc/public/RTCMediaConstraints.h; sourceTree = SOURCE_ROOT; };
		C0C3A6DF1A13FBA20062D421 /* RTCMediaSource.h */ = {isa = PBXFileReference; fileEncoding = 4; lastKnownFileType = sourcecode.c.h; name = RTCMediaSource.h; path = webrtc/src/talk/app/webrtc/objc/public/RTCMediaSource.h; sourceTree = SOURCE_ROOT; };
		C0C3A6E01A13FBA20062D421 /* RTCMediaStream.h */ = {isa = PBXFileReference; fileEncoding = 4; lastKnownFileType = sourcecode.c.h; name = RTCMediaStream.h; path = webrtc/src/talk/app/webrtc/objc/public/RTCMediaStream.h; sourceTree = SOURCE_ROOT; };
		C0C3A6E11A13FBA20062D421 /* RTCMediaStreamTrack.h */ = {isa = PBXFileReference; fileEncoding = 4; lastKnownFileType = sourcecode.c.h; name = RTCMediaStreamTrack.h; path = webrtc/src/talk/app/webrtc/objc/public/RTCMediaStreamTrack.h; sourceTree = SOURCE_ROOT; };
		C0C3A6E21A13FBA20062D421 /* RTCNSGLVideoView.h */ = {isa = PBXFileReference; fileEncoding = 4; lastKnownFileType = sourcecode.c.h; name = RTCNSGLVideoView.h; path = webrtc/src/talk/app/webrtc/objc/public/RTCNSGLVideoView.h; sourceTree = SOURCE_ROOT; };
		C0C3A6E31A13FBA20062D421 /* RTCOpenGLVideoRenderer.h */ = {isa = PBXFileReference; fileEncoding = 4; lastKnownFileType = sourcecode.c.h; name = RTCOpenGLVideoRenderer.h; path = webrtc/src/talk/app/webrtc/objc/public/RTCOpenGLVideoRenderer.h; sourceTree = SOURCE_ROOT; };
		C0C3A6E41A13FBA20062D421 /* RTCPair.h */ = {isa = PBXFileReference; fileEncoding = 4; lastKnownFileType = sourcecode.c.h; name = RTCPair.h; path = webrtc/src/talk/app/webrtc/objc/public/RTCPair.h; sourceTree = SOURCE_ROOT; };
		C0C3A6E51A13FBA20062D421 /* RTCPeerConnection.h */ = {isa = PBXFileReference; fileEncoding = 4; lastKnownFileType = sourcecode.c.h; name = RTCPeerConnection.h; path = webrtc/src/talk/app/webrtc/objc/public/RTCPeerConnection.h; sourceTree = SOURCE_ROOT; };
		C0C3A6E61A13FBA20062D421 /* RTCPeerConnectionDelegate.h */ = {isa = PBXFileReference; fileEncoding = 4; lastKnownFileType = sourcecode.c.h; name = RTCPeerConnectionDelegate.h; path = webrtc/src/talk/app/webrtc/objc/public/RTCPeerConnectionDelegate.h; sourceTree = SOURCE_ROOT; };
		C0C3A6E71A13FBA20062D421 /* RTCPeerConnectionFactory.h */ = {isa = PBXFileReference; fileEncoding = 4; lastKnownFileType = sourcecode.c.h; name = RTCPeerConnectionFactory.h; path = webrtc/src/talk/app/webrtc/objc/public/RTCPeerConnectionFactory.h; sourceTree = SOURCE_ROOT; };
		C0C3A6E81A13FBA20062D421 /* RTCSessionDescription.h */ = {isa = PBXFileReference; fileEncoding = 4; lastKnownFileType = sourcecode.c.h; name = RTCSessionDescription.h; path = webrtc/src/talk/app/webrtc/objc/public/RTCSessionDescription.h; sourceTree = SOURCE_ROOT; };
		C0C3A6E91A13FBA20062D421 /* RTCSessionDescriptionDelegate.h */ = {isa = PBXFileReference; fileEncoding = 4; lastKnownFileType = sourcecode.c.h; name = RTCSessionDescriptionDelegate.h; path = webrtc/src/talk/app/webrtc/objc/public/RTCSessionDescriptionDelegate.h; sourceTree = SOURCE_ROOT; };
		C0C3A6EA1A13FBA20062D421 /* RTCStatsDelegate.h */ = {isa = PBXFileReference; fileEncoding = 4; lastKnownFileType = sourcecode.c.h; name = RTCStatsDelegate.h; path = webrtc/src/talk/app/webrtc/objc/public/RTCStatsDelegate.h; sourceTree = SOURCE_ROOT; };
		C0C3A6EB1A13FBA20062D421 /* RTCStatsReport.h */ = {isa = PBXFileReference; fileEncoding = 4; lastKnownFileType = sourcecode.c.h; name = RTCStatsReport.h; path = webrtc/src/talk/app/webrtc/objc/public/RTCStatsReport.h; sourceTree = SOURCE_ROOT; };
		C0C3A6EC1A13FBA20062D421 /* RTCTypes.h */ = {isa = PBXFileReference; fileEncoding = 4; lastKnownFileType = sourcecode.c.h; name = RTCTypes.h; path = webrtc/src/talk/app/webrtc/objc/public/RTCTypes.h; sourceTree = SOURCE_ROOT; };
		C0C3A6ED1A13FBA20062D421 /* RTCVideoCapturer.h */ = {isa = PBXFileReference; fileEncoding = 4; lastKnownFileType = sourcecode.c.h; name = RTCVideoCapturer.h; path = webrtc/src/talk/app/webrtc/objc/public/RTCVideoCapturer.h; sourceTree = SOURCE_ROOT; };
		C0C3A6EE1A13FBA20062D421 /* RTCVideoRenderer.h */ = {isa = PBXFileReference; fileEncoding = 4; lastKnownFileType = sourcecode.c.h; name = RTCVideoRenderer.h; path = webrtc/src/talk/app/webrtc/objc/public/RTCVideoRenderer.h; sourceTree = SOURCE_ROOT; };
		C0C3A6EF1A13FBA20062D421 /* RTCVideoSource.h */ = {isa = PBXFileReference; fileEncoding = 4; lastKnownFileType = sourcecode.c.h; name = RTCVideoSource.h; path = webrtc/src/talk/app/webrtc/objc/public/RTCVideoSource.h; sourceTree = SOURCE_ROOT; };
		C0C3A6F01A13FBA20062D421 /* RTCVideoTrack.h */ = {isa = PBXFileReference; fileEncoding = 4; lastKnownFileType = sourcecode.c.h; name = RTCVideoTrack.h; path = webrtc/src/talk/app/webrtc/objc/public/RTCVideoTrack.h; sourceTree = SOURCE_ROOT; };
		C0C3A6F11A13FBC80062D421 /* APPRTCAppDelegate.h */ = {isa = PBXFileReference; fileEncoding = 4; lastKnownFileType = sourcecode.c.h; name = APPRTCAppDelegate.h; path = webrtc/src/talk/examples/objc/AppRTCDemo/ios/APPRTCAppDelegate.h; sourceTree = SOURCE_ROOT; };
		C0C3A6F21A13FBC80062D421 /* APPRTCAppDelegate.m */ = {isa = PBXFileReference; fileEncoding = 4; lastKnownFileType = sourcecode.c.objc; name = APPRTCAppDelegate.m; path = webrtc/src/talk/examples/objc/AppRTCDemo/ios/APPRTCAppDelegate.m; sourceTree = SOURCE_ROOT; };
		C0C3A6F31A13FBC80062D421 /* AppRTCDemo-Prefix.pch */ = {isa = PBXFileReference; fileEncoding = 4; lastKnownFileType = sourcecode.c.h; name = "AppRTCDemo-Prefix.pch"; path = "webrtc/src/talk/examples/objc/AppRTCDemo/ios/AppRTCDemo-Prefix.pch"; sourceTree = SOURCE_ROOT; };
		C0C3A6F41A13FBC80062D421 /* APPRTCViewController.h */ = {isa = PBXFileReference; fileEncoding = 4; lastKnownFileType = sourcecode.c.h; name = APPRTCViewController.h; path = webrtc/src/talk/examples/objc/AppRTCDemo/ios/APPRTCViewController.h; sourceTree = SOURCE_ROOT; };
		C0C3A6F51A13FBC80062D421 /* APPRTCViewController.m */ = {isa = PBXFileReference; fileEncoding = 4; lastKnownFileType = sourcecode.c.objc; name = APPRTCViewController.m; path = webrtc/src/talk/examples/objc/AppRTCDemo/ios/APPRTCViewController.m; sourceTree = SOURCE_ROOT; };
		C0C3A6F61A13FBC80062D421 /* Default.png */ = {isa = PBXFileReference; lastKnownFileType = image.png; name = Default.png; path = webrtc/src/talk/examples/objc/AppRTCDemo/ios/Default.png; sourceTree = SOURCE_ROOT; };
		C0C3A6F91A13FBC80062D421 /* en */ = {isa = PBXFileReference; lastKnownFileType = file.xib; name = en; path = APPRTCViewController.xib; sourceTree = "<group>"; };
		C0C3A6FA1A13FBC80062D421 /* Info.plist */ = {isa = PBXFileReference; fileEncoding = 4; lastKnownFileType = text.plist.xml; name = Info.plist; path = webrtc/src/talk/examples/objc/AppRTCDemo/ios/Info.plist; sourceTree = SOURCE_ROOT; };
		C0C3A6FB1A13FBC80062D421 /* main.m */ = {isa = PBXFileReference; fileEncoding = 4; lastKnownFileType = sourcecode.c.objc; name = main.m; path = webrtc/src/talk/examples/objc/AppRTCDemo/ios/main.m; sourceTree = SOURCE_ROOT; };
		C0C3A6FC1A13FBC80062D421 /* ResourceRules.plist */ = {isa = PBXFileReference; fileEncoding = 4; lastKnownFileType = text.plist.xml; name = ResourceRules.plist; path = webrtc/src/talk/examples/objc/AppRTCDemo/ios/ResourceRules.plist; sourceTree = SOURCE_ROOT; };
		C0C3A7071A13FBF30062D421 /* APPRTCAppClient.h */ = {isa = PBXFileReference; fileEncoding = 4; lastKnownFileType = sourcecode.c.h; name = APPRTCAppClient.h; path = webrtc/src/talk/examples/objc/AppRTCDemo/APPRTCAppClient.h; sourceTree = SOURCE_ROOT; };
		C0C3A7081A13FBF30062D421 /* APPRTCAppClient.m */ = {isa = PBXFileReference; fileEncoding = 4; lastKnownFileType = sourcecode.c.objc; name = APPRTCAppClient.m; path = webrtc/src/talk/examples/objc/AppRTCDemo/APPRTCAppClient.m; sourceTree = SOURCE_ROOT; };
		C0C3A7091A13FBF30062D421 /* APPRTCConnectionManager.h */ = {isa = PBXFileReference; fileEncoding = 4; lastKnownFileType = sourcecode.c.h; name = APPRTCConnectionManager.h; path = webrtc/src/talk/examples/objc/AppRTCDemo/APPRTCConnectionManager.h; sourceTree = SOURCE_ROOT; };
		C0C3A70A1A13FBF30062D421 /* APPRTCConnectionManager.m */ = {isa = PBXFileReference; fileEncoding = 4; lastKnownFileType = sourcecode.c.objc; name = APPRTCConnectionManager.m; path = webrtc/src/talk/examples/objc/AppRTCDemo/APPRTCConnectionManager.m; sourceTree = SOURCE_ROOT; };
		C0C3A70B1A13FBF30062D421 /* channel.html */ = {isa = PBXFileReference; fileEncoding = 4; lastKnownFileType = text.html; name = channel.html; path = webrtc/src/talk/examples/objc/AppRTCDemo/channel.html; sourceTree = SOURCE_ROOT; };
		C0C3A70C1A13FBF30062D421 /* GAEChannelClient.h */ = {isa = PBXFileReference; fileEncoding = 4; lastKnownFileType = sourcecode.c.h; name = GAEChannelClient.h; path = webrtc/src/talk/examples/objc/AppRTCDemo/GAEChannelClient.h; sourceTree = SOURCE_ROOT; };
		C0C3A70D1A13FBF30062D421 /* GAEChannelClient.m */ = {isa = PBXFileReference; fileEncoding = 4; lastKnownFileType = sourcecode.c.objc; name = GAEChannelClient.m; path = webrtc/src/talk/examples/objc/AppRTCDemo/GAEChannelClient.m; sourceTree = SOURCE_ROOT; };
		C0C3A7151A13FBFF0062D421 /* APPRTCAppDelegate.h */ = {isa = PBXFileReference; fileEncoding = 4; lastKnownFileType = sourcecode.c.h; name = APPRTCAppDelegate.h; path = webrtc/src/talk/examples/objc/AppRTCDemo/mac/APPRTCAppDelegate.h; sourceTree = SOURCE_ROOT; };
		C0C3A7161A13FBFF0062D421 /* APPRTCAppDelegate.m */ = {isa = PBXFileReference; fileEncoding = 4; lastKnownFileType = sourcecode.c.objc; name = APPRTCAppDelegate.m; path = webrtc/src/talk/examples/objc/AppRTCDemo/mac/APPRTCAppDelegate.m; sourceTree = SOURCE_ROOT; };
		C0C3A7171A13FBFF0062D421 /* APPRTCViewController.h */ = {isa = PBXFileReference; fileEncoding = 4; lastKnownFileType = sourcecode.c.h; name = APPRTCViewController.h; path = webrtc/src/talk/examples/objc/AppRTCDemo/mac/APPRTCViewController.h; sourceTree = SOURCE_ROOT; };
		C0C3A7181A13FBFF0062D421 /* APPRTCViewController.m */ = {isa = PBXFileReference; fileEncoding = 4; lastKnownFileType = sourcecode.c.objc; name = APPRTCViewController.m; path = webrtc/src/talk/examples/objc/AppRTCDemo/mac/APPRTCViewController.m; sourceTree = SOURCE_ROOT; };
		C0C3A7191A13FBFF0062D421 /* Info.plist */ = {isa = PBXFileReference; fileEncoding = 4; lastKnownFileType = text.plist.xml; name = Info.plist; path = webrtc/src/talk/examples/objc/AppRTCDemo/mac/Info.plist; sourceTree = SOURCE_ROOT; };
		C0C3A71A1A13FBFF0062D421 /* main.m */ = {isa = PBXFileReference; fileEncoding = 4; lastKnownFileType = sourcecode.c.objc; name = main.m; path = webrtc/src/talk/examples/objc/AppRTCDemo/mac/main.m; sourceTree = SOURCE_ROOT; };
		C0C3A7221A13FD680062D421 /* libstdc++.dylib */ = {isa = PBXFileReference; lastKnownFileType = "compiled.mach-o.dylib"; name = "libstdc++.dylib"; path = "usr/lib/libstdc++.dylib"; sourceTree = SDKROOT; };
/* End PBXFileReference section */

/* Begin PBXFrameworksBuildPhase section */
		C0A129301951F48300C523D2 /* Frameworks */ = {
			isa = PBXFrameworksBuildPhase;
			buildActionMask = 2147483647;
			files = (
				C0A129371951F48300C523D2 /* Foundation.framework in Frameworks */,
				C0A129FB1952015900C523D2 /* AudioUnit.framework in Frameworks */,
				C0A129FC1952015900C523D2 /* AVFoundation.framework in Frameworks */,
				C0A12A04195201E400C523D2 /* CoreGraphics.framework in Frameworks */,
				C0A12A05195201E400C523D2 /* CoreMedia.framework in Frameworks */,
				C0A12A06195201E400C523D2 /* GLKit.framework in Frameworks */,
				C0A12A07195201E400C523D2 /* libc.dylib in Frameworks */,
				C0A12A08195201E400C523D2 /* libsqlite3.dylib in Frameworks */,
				C0A12A09195201E400C523D2 /* libstdc++.6.0.9.dylib in Frameworks */,
				C095E5ED1952488200B9FAA0 /* libWebRTC-LATEST-Universal-Debug.a in Frameworks */,
				C0A12A0A195201E400C523D2 /* UIKit.framework in Frameworks */,
			);
			runOnlyForDeploymentPostprocessing = 0;
		};
		C0A12AB1195202A600C523D2 /* Frameworks */ = {
			isa = PBXFrameworksBuildPhase;
			buildActionMask = 2147483647;
			files = (
				C0C3A7231A13FD680062D421 /* libstdc++.dylib in Frameworks */,
				C0A12AB5195202A600C523D2 /* Foundation.framework in Frameworks */,
				C0A12BC71952064000C523D2 /* AVFoundation.framework in Frameworks */,
				C0A12AB6195202A600C523D2 /* CoreGraphics.framework in Frameworks */,
				C0A12BC11952062E00C523D2 /* CoreMedia.framework in Frameworks */,
				C0A12BC21952063100C523D2 /* GLKit.framework in Frameworks */,
				C0A12BC31952063300C523D2 /* libc.dylib in Frameworks */,
				C0A12BC41952063600C523D2 /* libsqlite3.dylib in Frameworks */,
				C095E5EC1952485F00B9FAA0 /* libWebRTC-LATEST-Universal-Debug.a in Frameworks */,
				C0A12AB7195202A600C523D2 /* UIKit.framework in Frameworks */,
			);
			runOnlyForDeploymentPostprocessing = 0;
		};
/* End PBXFrameworksBuildPhase section */

/* Begin PBXGroup section */
		C0A1292A1951F48300C523D2 = {
			isa = PBXGroup;
			children = (
				C0A129F61951F72E00C523D2 /* Build WebRTC */,
				C0A129381951F48300C523D2 /* Headers */,
				C0A12AB8195202A600C523D2 /* AppRTCDemo */,
				C0A129351951F48300C523D2 /* Frameworks */,
				C0A129341951F48300C523D2 /* Products */,
			);
			sourceTree = "<group>";
		};
		C0A129341951F48300C523D2 /* Products */ = {
			isa = PBXGroup;
			children = (
				C0A129331951F48300C523D2 /* libWebRTC.a */,
				C0A12AB4195202A600C523D2 /* AppRTCDemo.app */,
			);
			name = Products;
			sourceTree = "<group>";
		};
		C0A129351951F48300C523D2 /* Frameworks */ = {
			isa = PBXGroup;
			children = (
				C0C3A7221A13FD680062D421 /* libstdc++.dylib */,
				C095E5EB1952485F00B9FAA0 /* libWebRTC-LATEST-Universal-Debug.a */,
				C0A129FD195201E400C523D2 /* CoreGraphics.framework */,
				C0A129FE195201E400C523D2 /* CoreMedia.framework */,
				C0A129FF195201E400C523D2 /* GLKit.framework */,
				C0A12A00195201E400C523D2 /* libc.dylib */,
				C0A12A01195201E400C523D2 /* libsqlite3.dylib */,
				C0A12A02195201E400C523D2 /* libstdc++.6.0.9.dylib */,
				C0A12A03195201E400C523D2 /* UIKit.framework */,
				C0A129F91952015900C523D2 /* AudioUnit.framework */,
				C0A129FA1952015900C523D2 /* AVFoundation.framework */,
				C0A129361951F48300C523D2 /* Foundation.framework */,
				C0A129441951F48300C523D2 /* XCTest.framework */,
			);
			name = Frameworks;
			sourceTree = "<group>";
		};
		C0A129381951F48300C523D2 /* Headers */ = {
			isa = PBXGroup;
			children = (
				C0C3A6D71A13FBA20062D421 /* RTCAudioSource.h */,
				C0C3A6D81A13FBA20062D421 /* RTCAudioTrack.h */,
				C0C3A6D91A13FBA20062D421 /* RTCDataChannel.h */,
				C0C3A6DA1A13FBA20062D421 /* RTCEAGLVideoView.h */,
				C0C3A6DB1A13FBA20062D421 /* RTCI420Frame.h */,
				C0C3A6DC1A13FBA20062D421 /* RTCICECandidate.h */,
				C0C3A6DD1A13FBA20062D421 /* RTCICEServer.h */,
				C0C3A6DE1A13FBA20062D421 /* RTCMediaConstraints.h */,
				C0C3A6DF1A13FBA20062D421 /* RTCMediaSource.h */,
				C0C3A6E01A13FBA20062D421 /* RTCMediaStream.h */,
				C0C3A6E11A13FBA20062D421 /* RTCMediaStreamTrack.h */,
				C0C3A6E21A13FBA20062D421 /* RTCNSGLVideoView.h */,
				C0C3A6E31A13FBA20062D421 /* RTCOpenGLVideoRenderer.h */,
				C0C3A6E41A13FBA20062D421 /* RTCPair.h */,
				C0C3A6E51A13FBA20062D421 /* RTCPeerConnection.h */,
				C0C3A6E61A13FBA20062D421 /* RTCPeerConnectionDelegate.h */,
				C0C3A6E71A13FBA20062D421 /* RTCPeerConnectionFactory.h */,
				C0C3A6E81A13FBA20062D421 /* RTCSessionDescription.h */,
				C0C3A6E91A13FBA20062D421 /* RTCSessionDescriptionDelegate.h */,
				C0C3A6EA1A13FBA20062D421 /* RTCStatsDelegate.h */,
				C0C3A6EB1A13FBA20062D421 /* RTCStatsReport.h */,
				C0C3A6EC1A13FBA20062D421 /* RTCTypes.h */,
				C0C3A6ED1A13FBA20062D421 /* RTCVideoCapturer.h */,
				C0C3A6EE1A13FBA20062D421 /* RTCVideoRenderer.h */,
				C0C3A6EF1A13FBA20062D421 /* RTCVideoSource.h */,
				C0C3A6F01A13FBA20062D421 /* RTCVideoTrack.h */,
			);
			name = Headers;
			path = WebRTC;
			sourceTree = "<group>";
		};
		C0A129F61951F72E00C523D2 /* Build WebRTC */ = {
			isa = PBXGroup;
			children = (
				C0A129F81951FA0100C523D2 /* build.sh */,
				C088209A1952345000A12E2E /* dance.sh */,
				C08538F31952400E00C7A2E7 /* clone.sh */,
				C08538F4195240BB00C7A2E7 /* pull.sh */,
				C08538F5195240F800C7A2E7 /* build_webrtc.sh */,
			);
			name = "Build WebRTC";
			sourceTree = "<group>";
		};
		C0A12AB8195202A600C523D2 /* AppRTCDemo */ = {
			isa = PBXGroup;
			children = (
				C0C3A7071A13FBF30062D421 /* APPRTCAppClient.h */,
				C0C3A7081A13FBF30062D421 /* APPRTCAppClient.m */,
				C0C3A7091A13FBF30062D421 /* APPRTCConnectionManager.h */,
				C0C3A70A1A13FBF30062D421 /* APPRTCConnectionManager.m */,
				C0C3A70B1A13FBF30062D421 /* channel.html */,
				C0C3A70C1A13FBF30062D421 /* GAEChannelClient.h */,
				C0C3A70D1A13FBF30062D421 /* GAEChannelClient.m */,
				C0A12AE5195202FF00C523D2 /* ios */,
				C0A12AF1195202FF00C523D2 /* mac */,
				C0A12AC4195202A600C523D2 /* Images.xcassets */,
				C0A12AB9195202A600C523D2 /* Supporting Files */,
			);
			path = AppRTCDemo;
			sourceTree = "<group>";
		};
		C0A12AB9195202A600C523D2 /* Supporting Files */ = {
			isa = PBXGroup;
			children = (
				C0A12ABA195202A600C523D2 /* AppRTCDemo-Info.plist */,
				C0A12ABB195202A600C523D2 /* InfoPlist.strings */,
				C0A12ABE195202A600C523D2 /* main.m */,
				C0A12AC0195202A600C523D2 /* AppRTCDemo-Prefix.pch */,
			);
			name = "Supporting Files";
			sourceTree = "<group>";
		};
		C0A12AE5195202FF00C523D2 /* ios */ = {
			isa = PBXGroup;
			children = (
				C0C3A6F11A13FBC80062D421 /* APPRTCAppDelegate.h */,
				C0C3A6F21A13FBC80062D421 /* APPRTCAppDelegate.m */,
				C0C3A6F31A13FBC80062D421 /* AppRTCDemo-Prefix.pch */,
				C0C3A6F41A13FBC80062D421 /* APPRTCViewController.h */,
				C0C3A6F51A13FBC80062D421 /* APPRTCViewController.m */,
				C0C3A6F61A13FBC80062D421 /* Default.png */,
				C0C3A6F71A13FBC80062D421 /* en.lproj */,
				C0C3A6FA1A13FBC80062D421 /* Info.plist */,
				C0C3A6FB1A13FBC80062D421 /* main.m */,
				C0C3A6FC1A13FBC80062D421 /* ResourceRules.plist */,
			);
			name = ios;
			path = webrtc/trunk/talk/examples/objc/AppRTCDemo/ios;
			sourceTree = SOURCE_ROOT;
		};
		C0A12AF1195202FF00C523D2 /* mac */ = {
			isa = PBXGroup;
			children = (
				C0C3A7151A13FBFF0062D421 /* APPRTCAppDelegate.h */,
				C0C3A7161A13FBFF0062D421 /* APPRTCAppDelegate.m */,
				C0C3A7171A13FBFF0062D421 /* APPRTCViewController.h */,
				C0C3A7181A13FBFF0062D421 /* APPRTCViewController.m */,
				C0C3A7191A13FBFF0062D421 /* Info.plist */,
				C0C3A71A1A13FBFF0062D421 /* main.m */,
			);
			name = mac;
			path = webrtc/trunk/talk/examples/objc/AppRTCDemo/mac;
			sourceTree = SOURCE_ROOT;
		};
		C0C3A6F71A13FBC80062D421 /* en.lproj */ = {
			isa = PBXGroup;
			children = (
				C0C3A6F81A13FBC80062D421 /* APPRTCViewController.xib */,
			);
			name = en.lproj;
			path = webrtc/src/talk/examples/objc/AppRTCDemo/ios/en.lproj;
			sourceTree = SOURCE_ROOT;
		};
/* End PBXGroup section */

/* Begin PBXLegacyTarget section */
		C0A129F21951F6B800C523D2 /* Build PeerConnection */ = {
			isa = PBXLegacyTarget;
			buildArgumentsString = "$(ACTION)";
			buildConfigurationList = C0A129F31951F6B800C523D2 /* Build configuration list for PBXLegacyTarget "Build PeerConnection" */;
			buildPhases = (
			);
			buildToolPath = /bin/sh;
			buildWorkingDirectory = "";
			dependencies = (
			);
			name = "Build PeerConnection";
			passBuildSettingsInEnvironment = 1;
			productName = "Build PeerConnection";
		};
/* End PBXLegacyTarget section */

/* Begin PBXNativeTarget section */
		C0A129321951F48300C523D2 /* WebRTC */ = {
			isa = PBXNativeTarget;
			buildConfigurationList = C0A129561951F48300C523D2 /* Build configuration list for PBXNativeTarget "WebRTC" */;
			buildPhases = (
				C0A1292F1951F48300C523D2 /* Sources */,
				C0A129301951F48300C523D2 /* Frameworks */,
				C0A129311951F48300C523D2 /* CopyFiles */,
			);
			buildRules = (
			);
			dependencies = (
			);
			name = WebRTC;
			productName = WebRTC;
			productReference = C0A129331951F48300C523D2 /* libWebRTC.a */;
			productType = "com.apple.product-type.library.static";
		};
		C0A12AB3195202A600C523D2 /* AppRTCDemo */ = {
			isa = PBXNativeTarget;
			buildConfigurationList = C0A12AD8195202A600C523D2 /* Build configuration list for PBXNativeTarget "AppRTCDemo" */;
			buildPhases = (
				C0A12AB0195202A600C523D2 /* Sources */,
				C0A12AB1195202A600C523D2 /* Frameworks */,
				C0A12AB2195202A600C523D2 /* Resources */,
			);
			buildRules = (
			);
			dependencies = (
				C0A12B081952031800C523D2 /* PBXTargetDependency */,
			);
			name = AppRTCDemo;
			productName = AppRTCDemo;
			productReference = C0A12AB4195202A600C523D2 /* AppRTCDemo.app */;
			productType = "com.apple.product-type.application";
		};
/* End PBXNativeTarget section */

/* Begin PBXProject section */
		C0A1292B1951F48300C523D2 /* Project object */ = {
			isa = PBXProject;
			attributes = {
				LastUpgradeCheck = 0510;
				ORGANIZATIONNAME = "Pristine, Inc";
			};
			buildConfigurationList = C0A1292E1951F48300C523D2 /* Build configuration list for PBXProject "WebRTC" */;
			compatibilityVersion = "Xcode 3.2";
			developmentRegion = English;
			hasScannedForEncodings = 0;
			knownRegions = (
				en,
			);
			mainGroup = C0A1292A1951F48300C523D2;
			productRefGroup = C0A129341951F48300C523D2 /* Products */;
			projectDirPath = "";
			projectRoot = "";
			targets = (
				C0A129321951F48300C523D2 /* WebRTC */,
				C0A129F21951F6B800C523D2 /* Build PeerConnection */,
				C0A12AB3195202A600C523D2 /* AppRTCDemo */,
			);
		};
/* End PBXProject section */

/* Begin PBXResourcesBuildPhase section */
		C0A12AB2195202A600C523D2 /* Resources */ = {
			isa = PBXResourcesBuildPhase;
			buildActionMask = 2147483647;
			files = (
				C0A12ABD195202A600C523D2 /* InfoPlist.strings in Resources */,
				C0A12AC5195202A600C523D2 /* Images.xcassets in Resources */,
				C0C3A7121A13FBF30062D421 /* channel.html in Resources */,
				C0C3A7031A13FBC80062D421 /* Info.plist in Resources */,
				C0C3A7021A13FBC80062D421 /* APPRTCViewController.xib in Resources */,
				C0C3A7011A13FBC80062D421 /* Default.png in Resources */,
				C0C3A7061A13FBC80062D421 /* ResourceRules.plist in Resources */,
			);
			runOnlyForDeploymentPostprocessing = 0;
		};
/* End PBXResourcesBuildPhase section */

/* Begin PBXSourcesBuildPhase section */
		C0A1292F1951F48300C523D2 /* Sources */ = {
			isa = PBXSourcesBuildPhase;
			buildActionMask = 2147483647;
			files = (
				C0C3A7131A13FBF30062D421 /* GAEChannelClient.m in Sources */,
				C0C3A6FF1A13FBC80062D421 /* APPRTCViewController.m in Sources */,
				C0C3A7041A13FBC80062D421 /* main.m in Sources */,
				C0C3A70E1A13FBF30062D421 /* APPRTCAppClient.m in Sources */,
				C0C3A6FD1A13FBC80062D421 /* APPRTCAppDelegate.m in Sources */,
				C0C3A7101A13FBF30062D421 /* APPRTCConnectionManager.m in Sources */,
			);
			runOnlyForDeploymentPostprocessing = 0;
		};
		C0A12AB0195202A600C523D2 /* Sources */ = {
			isa = PBXSourcesBuildPhase;
			buildActionMask = 2147483647;
			files = (
				C0C3A7141A13FBF30062D421 /* GAEChannelClient.m in Sources */,
				C0C3A6FE1A13FBC80062D421 /* APPRTCAppDelegate.m in Sources */,
				C0C3A7051A13FBC80062D421 /* main.m in Sources */,
				C0C3A70F1A13FBF30062D421 /* APPRTCAppClient.m in Sources */,
				C0C3A7001A13FBC80062D421 /* APPRTCViewController.m in Sources */,
				C0C3A7111A13FBF30062D421 /* APPRTCConnectionManager.m in Sources */,
			);
			runOnlyForDeploymentPostprocessing = 0;
		};
/* End PBXSourcesBuildPhase section */

/* Begin PBXTargetDependency section */
		C0A12B081952031800C523D2 /* PBXTargetDependency */ = {
			isa = PBXTargetDependency;
			target = C0A129321951F48300C523D2 /* WebRTC */;
			targetProxy = C0A12B071952031800C523D2 /* PBXContainerItemProxy */;
		};
/* End PBXTargetDependency section */

/* Begin PBXVariantGroup section */
		C0A12ABB195202A600C523D2 /* InfoPlist.strings */ = {
			isa = PBXVariantGroup;
			children = (
				C0A12ABC195202A600C523D2 /* en */,
			);
			name = InfoPlist.strings;
			sourceTree = "<group>";
		};
		C0C3A6F81A13FBC80062D421 /* APPRTCViewController.xib */ = {
			isa = PBXVariantGroup;
			children = (
				C0C3A6F91A13FBC80062D421 /* en */,
			);
			name = APPRTCViewController.xib;
			sourceTree = "<group>";
		};
/* End PBXVariantGroup section */

/* Begin XCBuildConfiguration section */
		C0A129541951F48300C523D2 /* Debug */ = {
			isa = XCBuildConfiguration;
			buildSettings = {
				ALWAYS_SEARCH_USER_PATHS = NO;
				CLANG_CXX_LANGUAGE_STANDARD = "gnu++0x";
				CLANG_CXX_LIBRARY = "libc++";
				CLANG_ENABLE_MODULES = YES;
				CLANG_ENABLE_OBJC_ARC = YES;
				CLANG_WARN_BOOL_CONVERSION = YES;
				CLANG_WARN_CONSTANT_CONVERSION = YES;
				CLANG_WARN_DIRECT_OBJC_ISA_USAGE = YES_ERROR;
				CLANG_WARN_EMPTY_BODY = YES;
				CLANG_WARN_ENUM_CONVERSION = YES;
				CLANG_WARN_INT_CONVERSION = YES;
				CLANG_WARN_OBJC_ROOT_CLASS = YES_ERROR;
				CLANG_WARN__DUPLICATE_METHOD_MATCH = YES;
				COPY_PHASE_STRIP = NO;
				GCC_C_LANGUAGE_STANDARD = gnu99;
				GCC_DYNAMIC_NO_PIC = NO;
				GCC_OPTIMIZATION_LEVEL = 0;
				GCC_PREPROCESSOR_DEFINITIONS = (
					"DEBUG=1",
					"$(inherited)",
				);
				GCC_SYMBOLS_PRIVATE_EXTERN = NO;
				GCC_WARN_64_TO_32_BIT_CONVERSION = YES;
				GCC_WARN_ABOUT_RETURN_TYPE = YES_ERROR;
				GCC_WARN_UNDECLARED_SELECTOR = YES;
				GCC_WARN_UNINITIALIZED_AUTOS = YES_AGGRESSIVE;
				GCC_WARN_UNUSED_FUNCTION = YES;
				GCC_WARN_UNUSED_VARIABLE = YES;
				IPHONEOS_DEPLOYMENT_TARGET = 7.1;
				ONLY_ACTIVE_ARCH = YES;
				SDKROOT = iphoneos;
			};
			name = Debug;
		};
		C0A129551951F48300C523D2 /* Release */ = {
			isa = XCBuildConfiguration;
			buildSettings = {
				ALWAYS_SEARCH_USER_PATHS = NO;
				CLANG_CXX_LANGUAGE_STANDARD = "gnu++0x";
				CLANG_CXX_LIBRARY = "libc++";
				CLANG_ENABLE_MODULES = YES;
				CLANG_ENABLE_OBJC_ARC = YES;
				CLANG_WARN_BOOL_CONVERSION = YES;
				CLANG_WARN_CONSTANT_CONVERSION = YES;
				CLANG_WARN_DIRECT_OBJC_ISA_USAGE = YES_ERROR;
				CLANG_WARN_EMPTY_BODY = YES;
				CLANG_WARN_ENUM_CONVERSION = YES;
				CLANG_WARN_INT_CONVERSION = YES;
				CLANG_WARN_OBJC_ROOT_CLASS = YES_ERROR;
				CLANG_WARN__DUPLICATE_METHOD_MATCH = YES;
				COPY_PHASE_STRIP = YES;
				ENABLE_NS_ASSERTIONS = NO;
				GCC_C_LANGUAGE_STANDARD = gnu99;
				GCC_WARN_64_TO_32_BIT_CONVERSION = YES;
				GCC_WARN_ABOUT_RETURN_TYPE = YES_ERROR;
				GCC_WARN_UNDECLARED_SELECTOR = YES;
				GCC_WARN_UNINITIALIZED_AUTOS = YES_AGGRESSIVE;
				GCC_WARN_UNUSED_FUNCTION = YES;
				GCC_WARN_UNUSED_VARIABLE = YES;
				IPHONEOS_DEPLOYMENT_TARGET = 7.1;
				SDKROOT = iphoneos;
				VALIDATE_PRODUCT = YES;
			};
			name = Release;
		};
		C0A129571951F48300C523D2 /* Debug */ = {
			isa = XCBuildConfiguration;
			buildSettings = {
				DSTROOT = /tmp/WebRTC.dst;
				GCC_PRECOMPILE_PREFIX_HEADER = YES;
				GCC_PREFIX_HEADER = "webrtc/src/talk/examples/objc/AppRTCDemo/ios/AppRTCDemo-Prefix.pch";
				LIBRARY_SEARCH_PATHS = (
					"$(inherited)",
					"$(PROJECT_DIR)",
					"/Users/rbehera/webrtc/libjingle_peerconnection_builds/Debug-iphoneos",
					"$(PROJECT_DIR)/webrtc/libjingle_peerconnection_builds",
					"$(PROJECT_DIR)/webrtc",
				);
				ONLY_ACTIVE_ARCH = NO;
				OTHER_LDFLAGS = "-ObjC";
				PRODUCT_NAME = "$(TARGET_NAME)";
				SKIP_INSTALL = YES;
				VALID_ARCHS = armv7;
			};
			name = Debug;
		};
		C0A129581951F48300C523D2 /* Release */ = {
			isa = XCBuildConfiguration;
			buildSettings = {
				DSTROOT = /tmp/WebRTC.dst;
				GCC_PRECOMPILE_PREFIX_HEADER = YES;
				GCC_PREFIX_HEADER = "webrtc/src/talk/examples/objc/AppRTCDemo/ios/AppRTCDemo-Prefix.pch";
				LIBRARY_SEARCH_PATHS = (
					"$(inherited)",
					"$(PROJECT_DIR)",
					"/Users/rbehera/webrtc/libjingle_peerconnection_builds/Debug-iphoneos",
					"$(PROJECT_DIR)/webrtc/libjingle_peerconnection_builds",
					"$(PROJECT_DIR)/webrtc",
				);
				ONLY_ACTIVE_ARCH = NO;
				OTHER_LDFLAGS = "-ObjC";
				PRODUCT_NAME = "$(TARGET_NAME)";
				SKIP_INSTALL = YES;
				VALID_ARCHS = armv7;
			};
			name = Release;
		};
		C0A129F41951F6B800C523D2 /* Debug */ = {
			isa = XCBuildConfiguration;
			buildSettings = {
				DEBUGGING_SYMBOLS = YES;
				GCC_ENABLE_OBJC_EXCEPTIONS = YES;
				GCC_GENERATE_DEBUGGING_SYMBOLS = YES;
				GCC_OPTIMIZATION_LEVEL = 0;
				GCC_PREPROCESSOR_DEFINITIONS = (
					"DEBUG=1",
					"$(inherited)",
				);
				MACOSX_DEPLOYMENT_TARGET = 10.9;
				OTHER_CFLAGS = "";
				OTHER_LDFLAGS = "";
				PRODUCT_NAME = "$(TARGET_NAME)";
				SDKROOT = macosx;
			};
			name = Debug;
		};
		C0A129F51951F6B800C523D2 /* Release */ = {
			isa = XCBuildConfiguration;
			buildSettings = {
				DEBUG_INFORMATION_FORMAT = "dwarf-with-dsym";
				GCC_ENABLE_OBJC_EXCEPTIONS = YES;
				MACOSX_DEPLOYMENT_TARGET = 10.9;
				OTHER_CFLAGS = "";
				OTHER_LDFLAGS = "";
				PRODUCT_NAME = "$(TARGET_NAME)";
				SDKROOT = macosx;
			};
			name = Release;
		};
		C0A12AD9195202A600C523D2 /* Debug */ = {
			isa = XCBuildConfiguration;
			buildSettings = {
				ASSETCATALOG_COMPILER_APPICON_NAME = AppIcon;
				ASSETCATALOG_COMPILER_LAUNCHIMAGE_NAME = LaunchImage;
				"CODE_SIGN_IDENTITY[sdk=iphoneos*]" = "iPhone Developer";
				GCC_PRECOMPILE_PREFIX_HEADER = YES;
				GCC_PREFIX_HEADER = "AppRTCDemo/AppRTCDemo-Prefix.pch";
				GCC_PREPROCESSOR_DEFINITIONS = (
					"DEBUG=1",
					"$(inherited)",
				);
				INFOPLIST_FILE = "AppRTCDemo/AppRTCDemo-Info.plist";
				LIBRARY_SEARCH_PATHS = (
					"$(inherited)",
					"/Users/rbehera/webrtc/libjingle_peerconnection_builds/Debug-iphoneos",
					"$(PROJECT_DIR)/webrtc/libjingle_peerconnection_builds/Profile-iphoneos",
					"$(PROJECT_DIR)/webrtc/libjingle_peerconnection_builds",
					"$(PROJECT_DIR)/webrtc",
				);
				ONLY_ACTIVE_ARCH = NO;
				PRODUCT_NAME = "$(TARGET_NAME)";
				TARGETED_DEVICE_FAMILY = "1,2";
				VALID_ARCHS = armv7;
				WRAPPER_EXTENSION = app;
			};
			name = Debug;
		};
		C0A12ADA195202A600C523D2 /* Release */ = {
			isa = XCBuildConfiguration;
			buildSettings = {
				ASSETCATALOG_COMPILER_APPICON_NAME = AppIcon;
				ASSETCATALOG_COMPILER_LAUNCHIMAGE_NAME = LaunchImage;
				"CODE_SIGN_IDENTITY[sdk=iphoneos*]" = "iPhone Developer";
				GCC_PRECOMPILE_PREFIX_HEADER = YES;
				GCC_PREFIX_HEADER = "AppRTCDemo/AppRTCDemo-Prefix.pch";
				INFOPLIST_FILE = "AppRTCDemo/AppRTCDemo-Info.plist";
				LIBRARY_SEARCH_PATHS = (
					"$(inherited)",
					"/Users/rbehera/webrtc/libjingle_peerconnection_builds/Debug-iphoneos",
					"$(PROJECT_DIR)/webrtc/libjingle_peerconnection_builds/Profile-iphoneos",
					"$(PROJECT_DIR)/webrtc/libjingle_peerconnection_builds",
					"$(PROJECT_DIR)/webrtc",
				);
				PRODUCT_NAME = "$(TARGET_NAME)";
				TARGETED_DEVICE_FAMILY = "1,2";
				VALID_ARCHS = armv7;
				WRAPPER_EXTENSION = app;
			};
			name = Release;
		};
/* End XCBuildConfiguration section */

/* Begin XCConfigurationList section */
		C0A1292E1951F48300C523D2 /* Build configuration list for PBXProject "WebRTC" */ = {
			isa = XCConfigurationList;
			buildConfigurations = (
				C0A129541951F48300C523D2 /* Debug */,
				C0A129551951F48300C523D2 /* Release */,
			);
			defaultConfigurationIsVisible = 0;
			defaultConfigurationName = Release;
		};
		C0A129561951F48300C523D2 /* Build configuration list for PBXNativeTarget "WebRTC" */ = {
			isa = XCConfigurationList;
			buildConfigurations = (
				C0A129571951F48300C523D2 /* Debug */,
				C0A129581951F48300C523D2 /* Release */,
			);
			defaultConfigurationIsVisible = 0;
			defaultConfigurationName = Release;
		};
		C0A129F31951F6B800C523D2 /* Build configuration list for PBXLegacyTarget "Build PeerConnection" */ = {
			isa = XCConfigurationList;
			buildConfigurations = (
				C0A129F41951F6B800C523D2 /* Debug */,
				C0A129F51951F6B800C523D2 /* Release */,
			);
			defaultConfigurationIsVisible = 0;
			defaultConfigurationName = Release;
		};
		C0A12AD8195202A600C523D2 /* Build configuration list for PBXNativeTarget "AppRTCDemo" */ = {
			isa = XCConfigurationList;
			buildConfigurations = (
				C0A12AD9195202A600C523D2 /* Debug */,
				C0A12ADA195202A600C523D2 /* Release */,
			);
			defaultConfigurationIsVisible = 0;
			defaultConfigurationName = Release;
		};
/* End XCConfigurationList section */
	};
	rootObject = C0A1292B1951F48300C523D2 /* Project object */;
}
